
Microsoft Visual Studio Solution File, Format Version 12.00
# Visual Studio Version 16
VisualStudioVersion = 16.0.31515.178
MinimumVisualStudioVersion = 10.0.40219.1
Project("{FAE04EC0-301F-11D3-BF4B-00C04F79EFBC}") = "ThreadPool", "ThreadPool.csproj", "{BB631899-A555-4510-9A76-11D174DDC161}"
EndProject
Global
	GlobalSection(SolutionConfigurationPlatforms) = preSolution
		Debug|Any CPU = Debug|Any CPU
		Release|Any CPU = Release|Any CPU
	EndGlobalSection
	GlobalSection(ProjectConfigurationPlatforms) = postSolution
		{BB631899-A555-4510-9A76-11D174DDC161}.Debug|Any CPU.ActiveCfg = Debug|Any CPU
		{BB631899-A555-4510-9A76-11D174DDC161}.Debug|Any CPU.Build.0 = Debug|Any CPU
		{BB631899-A555-4510-9A76-11D174DDC161}.Release|Any CPU.ActiveCfg = Release|Any CPU
		{BB631899-A555-4510-9A76-11D174DDC161}.Release|Any CPU.Build.0 = Release|Any CPU
	EndGlobalSection
	GlobalSection(SolutionProperties) = preSolution
		HideSolutionNode = FALSE
	EndGlobalSection
	GlobalSection(ExtensibilityGlobals) = postSolution
		SolutionGuid = {85216D62-2B1D-4958-A1A8-73C1801E2049}
	EndGlobalSection
EndGlobal
